Microsoft Visual Studio Solution File, Format Version 12.00
# Visual Studio Version 17
VisualStudioVersion = 17.5.2.0
MinimumVisualStudioVersion = 10.0.40219.1
Project("{FAE04EC0-301F-11D3-BF4B-00C04F79EFBC}") = "K8sWatcher", "K8sWatcher.csproj", "{31460A95-5F11-22AB-5855-0570BEA9734A}"
EndProject
Global
	GlobalSection(SolutionConfigurationPlatforms) = preSolution
		Debug|Any CPU = Debug|Any CPU
		Release|Any CPU = Release|Any CPU
	EndGlobalSection
	GlobalSection(ProjectConfigurationPlatforms) = postSolution
		{31460A95-5F11-22AB-5855-0570BEA9734A}.Debug|Any CPU.ActiveCfg = Debug|Any CPU
		{31460A95-5F11-22AB-5855-0570BEA9734A}.Debug|Any CPU.Build.0 = Debug|Any CPU
		{31460A95-5F11-22AB-5855-0570BEA9734A}.Release|Any CPU.ActiveCfg = Release|Any CPU
		{31460A95-5F11-22AB-5855-0570BEA9734A}.Release|Any CPU.Build.0 = Release|Any CPU
	EndGlobalSection
	GlobalSection(SolutionProperties) = preSolution
		HideSolutionNode = FALSE
	EndGlobalSection
	GlobalSection(ExtensibilityGlobals) = postSolution
		SolutionGuid = {FE7BDDC5-3C65-4EC2-B503-91EA1702BE8B}
	EndGlobalSection
EndGlobal
